{
  "pins" : [
    {
      "identity" : "cocoalumberjack",
      "kind" : "remoteSourceControl",
      "location" : "https://github.com/CocoaLumberjack/CocoaLumberjack.git",
      "state" : {
        "revision" : "4b8714a7fb84d42393314ce897127b3939885ec3",
        "version" : "3.8.5"
      }
    },
    {
      "identity" : "svgkit",
      "kind" : "remoteSourceControl",
      "location" : "https://github.com/SVGKit/SVGKit.git",
      "state" : {
        "branch" : "3.x",
        "revision" : "02421928cab787faaffb2403d47c39392936fbc7"
      }
    },
    {
      "identity" : "swift-log",
      "kind" : "remoteSourceControl",
      "location" : "https://github.com/apple/swift-log",
      "state" : {
        "revision" : "9cb486020ebf03bfa5b5df985387a14a98744537",
        "version" : "1.6.1"
      }
    },
    {
      "identity" : "swift-snapshot-testing",
      "kind" : "remoteSourceControl",
      "location" : "https://github.com/pointfreeco/swift-snapshot-testing",
      "state" : {
        "revision" : "c097f955b4e724690f0fc8ffb7a6d4b881c9c4e3",
        "version" : "1.17.2"
      }
    },
    {
      "identity" : "swift-syntax",
      "kind" : "remoteSourceControl",
      "location" : "https://github.com/swiftlang/swift-syntax",
      "state" : {
        "revision" : "82a453c2dfa335c7e778695762438dfe72b328d2",
        "version" : "600.0.0-prerelease-2024-07-24"
      }
    }
  ],
  "version" : 2
}
